
Microsoft Visual Studio Solution File, Format Version 12.00
# Visual Studio 2012
Project("{FAE04EC0-301F-11D3-BF4B-00C04F79EFBC}") = "MinotaurTheseusApplication", "GameConsoleApplication\MinotaurTheseusApplication.csproj", "{5786D4C8-3E91-4806-8CF7-EF45931C5253}"
EndProject
Global
	GlobalSection(SolutionConfigurationPlatforms) = preSolution
		Debug|Any CPU = Debug|Any CPU
		Release|Any CPU = Release|Any CPU
	EndGlobalSection
	GlobalSection(ProjectConfigurationPlatforms) = postSolution
		{5786D4C8-3E91-4806-8CF7-EF45931C5253}.Debug|Any CPU.ActiveCfg = Debug|Any CPU
		{5786D4C8-3E91-4806-8CF7-EF45931C5253}.Debug|Any CPU.Build.0 = Debug|Any CPU
		{5786D4C8-3E91-4806-8CF7-EF45931C5253}.Release|Any CPU.ActiveCfg = Release|Any CPU
		{5786D4C8-3E91-4806-8CF7-EF45931C5253}.Release|Any CPU.Build.0 = Release|Any CPU
	EndGlobalSection
	GlobalSection(SolutionProperties) = preSolution
		HideSolutionNode = FALSE
	EndGlobalSection
EndGlobal
